
Microsoft Visual Studio Solution File, Format Version 12.00
# Visual Studio Version 16
VisualStudioVersion = 16.0.31702.278
MinimumVisualStudioVersion = 10.0.40219.1
Project("{FAE04EC0-301F-11D3-BF4B-00C04F79EFBC}") = "P4", "P4.csproj", "{AD9CC9A4-50EB-4602-8914-D3DE8D1B4C78}"
EndProject
Global
	GlobalSection(SolutionConfigurationPlatforms) = preSolution
		Debug|Any CPU = Debug|Any CPU
		Release|Any CPU = Release|Any CPU
	EndGlobalSection
	GlobalSection(ProjectConfigurationPlatforms) = postSolution
		{AD9CC9A4-50EB-4602-8914-D3DE8D1B4C78}.Debug|Any CPU.ActiveCfg = Debug|Any CPU
		{AD9CC9A4-50EB-4602-8914-D3DE8D1B4C78}.Debug|Any CPU.Build.0 = Debug|Any CPU
		{AD9CC9A4-50EB-4602-8914-D3DE8D1B4C78}.Release|Any CPU.ActiveCfg = Release|Any CPU
		{AD9CC9A4-50EB-4602-8914-D3DE8D1B4C78}.Release|Any CPU.Build.0 = Release|Any CPU
	EndGlobalSection
	GlobalSection(SolutionProperties) = preSolution
		HideSolutionNode = FALSE
	EndGlobalSection
	GlobalSection(ExtensibilityGlobals) = postSolution
		SolutionGuid = {363161AB-9650-4EFF-B009-AEC4C47677A0}
	EndGlobalSection
EndGlobal
